// !$*UTF8*$!
{
	archiveVersion = 1;
	classes = {
	};
	objectVersion = 77;
	objects = {

/* Begin PBXBuildFile section */
		42030B812E757B1F0090E125 /* Lottie in Frameworks */ = {isa = PBXBuildFile; productRef = 42030B802E757B1F0090E125 /* Lottie */; };
		428BEBF42E72B2D5008B9B45 /* SDWebImageSwiftUI in Frameworks */ = {isa = PBXBuildFile; productRef = 428BEBF32E72B2D5008B9B45 /* SDWebImageSwiftUI */; };
		42DB1F492E7154DB00A15561 /* FirebaseAuth in Frameworks */ = {isa = PBXBuildFile; productRef = 42DB1F482E7154DB00A15561 /* FirebaseAuth */; };
		42DB1F4B2E7154DB00A15561 /* FirebaseFirestore in Frameworks */ = {isa = PBXBuildFile; productRef = 42DB1F4A2E7154DB00A15561 /* FirebaseFirestore */; };
		42DB1F4D2E7154DB00A15561 /* FirebaseStorage in Frameworks */ = {isa = PBXBuildFile; productRef = 42DB1F4C2E7154DB00A15561 /* FirebaseStorage */; };
		42DB1F522E71619900A15561 /* GoogleSignIn in Frameworks */ = {isa = PBXBuildFile; productRef = 42DB1F512E71619900A15561 /* GoogleSignIn */; };
		42DB1F542E71619900A15561 /* GoogleSignInSwift in Frameworks */ = {isa = PBXBuildFile; productRef = 42DB1F532E71619900A15561 /* GoogleSignInSwift */; };
/* End PBXBuildFile section */

/* Begin PBXContainerItemProxy section */
		428F63622E706A5300586B58 /* PBXContainerItemProxy */ = {
			isa = PBXContainerItemProxy;
			containerPortal = 428F634C2E706A5100586B58 /* Project object */;
			proxyType = 1;
			remoteGlobalIDString = 428F63532E706A5100586B58;
			remoteInfo = TalkSpace;
		};
		428F636C2E706A5300586B58 /* PBXContainerItemProxy */ = {
			isa = PBXContainerItemProxy;
			containerPortal = 428F634C2E706A5100586B58 /* Project object */;
			proxyType = 1;
			remoteGlobalIDString = 428F63532E706A5100586B58;
			remoteInfo = TalkSpace;
		};
/* End PBXContainerItemProxy section */

/* Begin PBXFileReference section */
		428F63542E706A5100586B58 /* TalkSpace.app */ = {isa = PBXFileReference; explicitFileType = wrapper.application; includeInIndex = 0; path = TalkSpace.app; sourceTree = BUILT_PRODUCTS_DIR; };
		428F63612E706A5300586B58 /* TalkSpaceTests.xctest */ = {isa = PBXFileReference; explicitFileType = wrapper.cfbundle; includeInIndex = 0; path = TalkSpaceTests.xctest; sourceTree = BUILT_PRODUCTS_DIR; };
		428F636B2E706A5300586B58 /* TalkSpaceUITests.xctest */ = {isa = PBXFileReference; explicitFileType = wrapper.cfbundle; includeInIndex = 0; path = TalkSpaceUITests.xctest; sourceTree = BUILT_PRODUCTS_DIR; };
/* End PBXFileReference section */

/* Begin PBXFileSystemSynchronizedRootGroup section */
		428F63562E706A5100586B58 /* TalkSpace */ = {
			isa = PBXFileSystemSynchronizedRootGroup;
			path = TalkSpace;
			sourceTree = "<group>";
		};
		428F63642E706A5300586B58 /* TalkSpaceTests */ = {
			isa = PBXFileSystemSynchronizedRootGroup;
			path = TalkSpaceTests;
			sourceTree = "<group>";
		};
		428F636E2E706A5300586B58 /* TalkSpaceUITests */ = {
			isa = PBXFileSystemSynchronizedRootGroup;
			path = TalkSpaceUITests;
			sourceTree = "<group>";
		};
/* End PBXFileSystemSynchronizedRootGroup section */

/* Begin PBXFrameworksBuildPhase section */
		428F63512E706A5100586B58 /* Frameworks */ = {
			isa = PBXFrameworksBuildPhase;
			buildActionMask = 2147483647;
			files = (
				428BEBF42E72B2D5008B9B45 /* SDWebImageSwiftUI in Frameworks */,
				42030B812E757B1F0090E125 /* Lottie in Frameworks */,
				42DB1F542E71619900A15561 /* GoogleSignInSwift in Frameworks */,
				42DB1F492E7154DB00A15561 /* FirebaseAuth in Frameworks */,
				42DB1F522E71619900A15561 /* GoogleSignIn in Frameworks */,
				42DB1F4B2E7154DB00A15561 /* FirebaseFirestore in Frameworks */,
				42DB1F4D2E7154DB00A15561 /* FirebaseStorage in Frameworks */,
			);
			runOnlyForDeploymentPostprocessing = 0;
		};
		428F635E2E706A5300586B58 /* Frameworks */ = {
			isa = PBXFrameworksBuildPhase;
			buildActionMask = 2147483647;
			files = (
			);
			runOnlyForDeploymentPostprocessing = 0;
		};
		428F63682E706A5300586B58 /* Frameworks */ = {
			isa = PBXFrameworksBuildPhase;
			buildActionMask = 2147483647;
			files = (
			);
			runOnlyForDeploymentPostprocessing = 0;
		};
/* End PBXFrameworksBuildPhase section */

/* Begin PBXGroup section */
		428F634B2E706A5100586B58 = {
			isa = PBXGroup;
			children = (
				428F63562E706A5100586B58 /* TalkSpace */,
				428F63642E706A5300586B58 /* TalkSpaceTests */,
				428F636E2E706A5300586B58 /* TalkSpaceUITests */,
				428F63552E706A5100586B58 /* Products */,
			);
			sourceTree = "<group>";
		};
		428F63552E706A5100586B58 /* Products */ = {
			isa = PBXGroup;
			children = (
				428F63542E706A5100586B58 /* TalkSpace.app */,
				428F63612E706A5300586B58 /* TalkSpaceTests.xctest */,
				428F636B2E706A5300586B58 /* TalkSpaceUITests.xctest */,
			);
			name = Products;
			sourceTree = "<group>";
		};
/* End PBXGroup section */

/* Begin PBXNativeTarget section */
		428F63532E706A5100586B58 /* TalkSpace */ = {
			isa = PBXNativeTarget;
			buildConfigurationList = 428F63752E706A5300586B58 /* Build configuration list for PBXNativeTarget "TalkSpace" */;
			buildPhases = (
				428F63502E706A5100586B58 /* Sources */,
				428F63512E706A5100586B58 /* Frameworks */,
				428F63522E706A5100586B58 /* Resources */,
			);
			buildRules = (
			);
			dependencies = (
			);
			fileSystemSynchronizedGroups = (
				428F63562E706A5100586B58 /* TalkSpace */,
			);
			name = TalkSpace;
			packageProductDependencies = (
				42DB1F482E7154DB00A15561 /* FirebaseAuth */,
				42DB1F4A2E7154DB00A15561 /* FirebaseFirestore */,
				42DB1F4C2E7154DB00A15561 /* FirebaseStorage */,
				42DB1F512E71619900A15561 /* GoogleSignIn */,
				42DB1F532E71619900A15561 /* GoogleSignInSwift */,
				428BEBF32E72B2D5008B9B45 /* SDWebImageSwiftUI */,
				42030B802E757B1F0090E125 /* Lottie */,
			);
			productName = TalkSpace;
			productReference = 428F63542E706A5100586B58 /* TalkSpace.app */;
			productType = "com.apple.product-type.application";
		};
		428F63602E706A5300586B58 /* TalkSpaceTests */ = {
			isa = PBXNativeTarget;
			buildConfigurationList = 428F63782E706A5300586B58 /* Build configuration list for PBXNativeTarget "TalkSpaceTests" */;
			buildPhases = (
				428F635D2E706A5300586B58 /* Sources */,
				428F635E2E706A5300586B58 /* Frameworks */,
				428F635F2E706A5300586B58 /* Resources */,
			);
			buildRules = (
			);
			dependencies = (
				428F63632E706A5300586B58 /* PBXTargetDependency */,
			);
			fileSystemSynchronizedGroups = (
				428F63642E706A5300586B58 /* TalkSpaceTests */,
			);
			name = TalkSpaceTests;
			packageProductDependencies = (
			);
			productName = TalkSpaceTests;
			productReference = 428F63612E706A5300586B58 /* TalkSpaceTests.xctest */;
			productType = "com.apple.product-type.bundle.unit-test";
		};
		428F636A2E706A5300586B58 /* TalkSpaceUITests */ = {
			isa = PBXNativeTarget;
			buildConfigurationList = 428F637B2E706A5300586B58 /* Build configuration list for PBXNativeTarget "TalkSpaceUITests" */;
			buildPhases = (
				428F63672E706A5300586B58 /* Sources */,
				428F63682E706A5300586B58 /* Frameworks */,
				428F63692E706A5300586B58 /* Resources */,
			);
			buildRules = (
			);
			dependencies = (
				428F636D2E706A5300586B58 /* PBXTargetDependency */,
			);
			fileSystemSynchronizedGroups = (
				428F636E2E706A5300586B58 /* TalkSpaceUITests */,
			);
			name = TalkSpaceUITests;
			packageProductDependencies = (
			);
			productName = TalkSpaceUITests;
			productReference = 428F636B2E706A5300586B58 /* TalkSpaceUITests.xctest */;
			productType = "com.apple.product-type.bundle.ui-testing";
		};
/* End PBXNativeTarget section */

/* Begin PBXProject section */
		428F634C2E706A5100586B58 /* Project object */ = {
			isa = PBXProject;
			attributes = {
				BuildIndependentTargetsInParallel = 1;
				LastSwiftUpdateCheck = 1640;
				LastUpgradeCheck = 1640;
				TargetAttributes = {
					428F63532E706A5100586B58 = {
						CreatedOnToolsVersion = 16.4;
					};
					428F63602E706A5300586B58 = {
						CreatedOnToolsVersion = 16.4;
						TestTargetID = 428F63532E706A5100586B58;
					};
					428F636A2E706A5300586B58 = {
						CreatedOnToolsVersion = 16.4;
						TestTargetID = 428F63532E706A5100586B58;
					};
				};
			};
			buildConfigurationList = 428F634F2E706A5100586B58 /* Build configuration list for PBXProject "TalkSpace" */;
			developmentRegion = en;
			hasScannedForEncodings = 0;
			knownRegions = (
				en,
				Base,
			);
			mainGroup = 428F634B2E706A5100586B58;
			minimizedProjectReferenceProxies = 1;
			packageReferences = (
				42DB1F472E7154DB00A15561 /* XCRemoteSwiftPackageReference "firebase-ios-sdk" */,
				42DB1F502E71619900A15561 /* XCRemoteSwiftPackageReference "GoogleSignIn-iOS" */,
				428BEBF22E72B2D5008B9B45 /* XCRemoteSwiftPackageReference "SDWebImageSwiftUI" */,
				42030B7F2E757B1F0090E125 /* XCRemoteSwiftPackageReference "lottie-ios" */,
			);
			preferredProjectObjectVersion = 77;
			productRefGroup = 428F63552E706A5100586B58 /* Products */;
			projectDirPath = "";
			projectRoot = "";
			targets = (
				428F63532E706A5100586B58 /* TalkSpace */,
				428F63602E706A5300586B58 /* TalkSpaceTests */,
				428F636A2E706A5300586B58 /* TalkSpaceUITests */,
			);
		};
/* End PBXProject section */

/* Begin PBXResourcesBuildPhase section */
		428F63522E706A5100586B58 /* Resources */ = {
			isa = PBXResourcesBuildPhase;
			buildActionMask = 2147483647;
			files = (
			);
			runOnlyForDeploymentPostprocessing = 0;
		};
		428F635F2E706A5300586B58 /* Resources */ = {
			isa = PBXResourcesBuildPhase;
			buildActionMask = 2147483647;
			files = (
			);
			runOnlyForDeploymentPostprocessing = 0;
		};
		428F63692E706A5300586B58 /* Resources */ = {
			isa = PBXResourcesBuildPhase;
			buildActionMask = 2147483647;
			files = (
			);
			runOnlyForDeploymentPostprocessing = 0;
		};
/* End PBXResourcesBuildPhase section */

/* Begin PBXSourcesBuildPhase section */
		428F63502E706A5100586B58 /* Sources */ = {
			isa = PBXSourcesBuildPhase;
			buildActionMask = 2147483647;
			files = (
			);
			runOnlyForDeploymentPostprocessing = 0;
		};
		428F635D2E706A5300586B58 /* Sources */ = {
			isa = PBXSourcesBuildPhase;
			buildActionMask = 2147483647;
			files = (
			);
			runOnlyForDeploymentPostprocessing = 0;
		};
		428F63672E706A5300586B58 /* Sources */ = {
			isa = PBXSourcesBuildPhase;
			buildActionMask = 2147483647;
			files = (
			);
			runOnlyForDeploymentPostprocessing = 0;
		};
/* End PBXSourcesBuildPhase section */

/* Begin PBXTargetDependency section */
		428F63632E706A5300586B58 /* PBXTargetDependency */ = {
			isa = PBXTargetDependency;
			target = 428F63532E706A5100586B58 /* TalkSpace */;
			targetProxy = 428F63622E706A5300586B58 /* PBXContainerItemProxy */;
		};
		428F636D2E706A5300586B58 /* PBXTargetDependency */ = {
			isa = PBXTargetDependency;
			target = 428F63532E706A5100586B58 /* TalkSpace */;
			targetProxy = 428F636C2E706A5300586B58 /* PBXContainerItemProxy */;
		};
/* End PBXTargetDependency section */

/* Begin XCBuildConfiguration section */
		428F63732E706A5300586B58 /* Debug */ = {
			isa = XCBuildConfiguration;
			buildSettings = {
				ALWAYS_SEARCH_USER_PATHS = NO;
				ASSETCATALOG_COMPILER_GENERATE_SWIFT_ASSET_SYMBOL_EXTENSIONS = YES;
				CLANG_ANALYZER_NONNULL = YES;
				CLANG_ANALYZER_NUMBER_OBJECT_CONVERSION = YES_AGGRESSIVE;
				CLANG_CXX_LANGUAGE_STANDARD = "gnu++20";
				CLANG_ENABLE_MODULES = YES;
				CLANG_ENABLE_OBJC_ARC = YES;
				CLANG_ENABLE_OBJC_WEAK = YES;
				CLANG_WARN_BLOCK_CAPTURE_AUTORELEASING = YES;
				CLANG_WARN_BOOL_CONVERSION = YES;
				CLANG_WARN_COMMA = YES;
				CLANG_WARN_CONSTANT_CONVERSION = YES;
				CLANG_WARN_DEPRECATED_OBJC_IMPLEMENTATIONS = YES;
				CLANG_WARN_DIRECT_OBJC_ISA_USAGE = YES_ERROR;
				CLANG_WARN_DOCUMENTATION_COMMENTS = YES;
				CLANG_WARN_EMPTY_BODY = YES;
				CLANG_WARN_ENUM_CONVERSION = YES;
				CLANG_WARN_INFINITE_RECURSION = YES;
				CLANG_WARN_INT_CONVERSION = YES;
				CLANG_WARN_NON_LITERAL_NULL_CONVERSION = YES;
				CLANG_WARN_OBJC_IMPLICIT_RETAIN_SELF = YES;
				CLANG_WARN_OBJC_LITERAL_CONVERSION = YES;
				CLANG_WARN_OBJC_ROOT_CLASS = YES_ERROR;
				CLANG_WARN_QUOTED_INCLUDE_IN_FRAMEWORK_HEADER = YES;
				CLANG_WARN_RANGE_LOOP_ANALYSIS = YES;
				CLANG_WARN_STRICT_PROTOTYPES = YES;
				CLANG_WARN_SUSPICIOUS_MOVE = YES;
				CLANG_WARN_UNGUARDED_AVAILABILITY = YES_AGGRESSIVE;
				CLANG_WARN_UNREACHABLE_CODE = YES;
				CLANG_WARN__DUPLICATE_METHOD_MATCH = YES;
				COPY_PHASE_STRIP = NO;
				DEBUG_INFORMATION_FORMAT = dwarf;
				DEVELOPMENT_TEAM = 5G2PCG747N;
				ENABLE_STRICT_OBJC_MSGSEND = YES;
				ENABLE_TESTABILITY = YES;
				ENABLE_USER_SCRIPT_SANDBOXING = YES;
				GCC_C_LANGUAGE_STANDARD = gnu17;
				GCC_DYNAMIC_NO_PIC = NO;
				GCC_NO_COMMON_BLOCKS = YES;
				GCC_OPTIMIZATION_LEVEL = 0;
				GCC_PREPROCESSOR_DEFINITIONS = (
					"DEBUG=1",
					"$(inherited)",
				);
				GCC_WARN_64_TO_32_BIT_CONVERSION = YES;
				GCC_WARN_ABOUT_RETURN_TYPE = YES_ERROR;
				GCC_WARN_UNDECLARED_SELECTOR = YES;
				GCC_WARN_UNINITIALIZED_AUTOS = YES_AGGRESSIVE;
				GCC_WARN_UNUSED_FUNCTION = YES;
				GCC_WARN_UNUSED_VARIABLE = YES;
				IPHONEOS_DEPLOYMENT_TARGET = 18.5;
				LOCALIZATION_PREFERS_STRING_CATALOGS = YES;
				MTL_ENABLE_DEBUG_INFO = INCLUDE_SOURCE;
				MTL_FAST_MATH = YES;
				ONLY_ACTIVE_ARCH = YES;
				SDKROOT = iphoneos;
				SWIFT_ACTIVE_COMPILATION_CONDITIONS = "DEBUG $(inherited)";
				SWIFT_OPTIMIZATION_LEVEL = "-Onone";
			};
			name = Debug;
		};
		428F63742E706A5300586B58 /* Release */ = {
			isa = XCBuildConfiguration;
			buildSettings = {
				ALWAYS_SEARCH_USER_PATHS = NO;
				ASSETCATALOG_COMPILER_GENERATE_SWIFT_ASSET_SYMBOL_EXTENSIONS = YES;
				CLANG_ANALYZER_NONNULL = YES;
				CLANG_ANALYZER_NUMBER_OBJECT_CONVERSION = YES_AGGRESSIVE;
				CLANG_CXX_LANGUAGE_STANDARD = "gnu++20";
				CLANG_ENABLE_MODULES = YES;
				CLANG_ENABLE_OBJC_ARC = YES;
				CLANG_ENABLE_OBJC_WEAK = YES;
				CLANG_WARN_BLOCK_CAPTURE_AUTORELEASING = YES;
				CLANG_WARN_BOOL_CONVERSION = YES;
				CLANG_WARN_COMMA = YES;
				CLANG_WARN_CONSTANT_CONVERSION = YES;
				CLANG_WARN_DEPRECATED_OBJC_IMPLEMENTATIONS = YES;
				CLANG_WARN_DIRECT_OBJC_ISA_USAGE = YES_ERROR;
				CLANG_WARN_DOCUMENTATION_COMMENTS = YES;
				CLANG_WARN_EMPTY_BODY = YES;
				CLANG_WARN_ENUM_CONVERSION = YES;
				CLANG_WARN_INFINITE_RECURSION = YES;
				CLANG_WARN_INT_CONVERSION = YES;
				CLANG_WARN_NON_LITERAL_NULL_CONVERSION = YES;
				CLANG_WARN_OBJC_IMPLICIT_RETAIN_SELF = YES;
				CLANG_WARN_OBJC_LITERAL_CONVERSION = YES;
				CLANG_WARN_OBJC_ROOT_CLASS = YES_ERROR;
				CLANG_WARN_QUOTED_INCLUDE_IN_FRAMEWORK_HEADER = YES;
				CLANG_WARN_RANGE_LOOP_ANALYSIS = YES;
				CLANG_WARN_STRICT_PROTOTYPES = YES;
				CLANG_WARN_SUSPICIOUS_MOVE = YES;
				CLANG_WARN_UNGUARDED_AVAILABILITY = YES_AGGRESSIVE;
				CLANG_WARN_UNREACHABLE_CODE = YES;
				CLANG_WARN__DUPLICATE_METHOD_MATCH = YES;
				COPY_PHASE_STRIP = NO;
				DEBUG_INFORMATION_FORMAT = "dwarf-with-dsym";
				DEVELOPMENT_TEAM = 5G2PCG747N;
				ENABLE_NS_ASSERTIONS = NO;
				ENABLE_STRICT_OBJC_MSGSEND = YES;
				ENABLE_USER_SCRIPT_SANDBOXING = YES;
				GCC_C_LANGUAGE_STANDARD = gnu17;
				GCC_NO_COMMON_BLOCKS = YES;
				GCC_WARN_64_TO_32_BIT_CONVERSION = YES;
				GCC_WARN_ABOUT_RETURN_TYPE = YES_ERROR;
				GCC_WARN_UNDECLARED_SELECTOR = YES;
				GCC_WARN_UNINITIALIZED_AUTOS = YES_AGGRESSIVE;
				GCC_WARN_UNUSED_FUNCTION = YES;
				GCC_WARN_UNUSED_VARIABLE = YES;
				IPHONEOS_DEPLOYMENT_TARGET = 18.5;
				LOCALIZATION_PREFERS_STRING_CATALOGS = YES;
				MTL_ENABLE_DEBUG_INFO = NO;
				MTL_FAST_MATH = YES;
				SDKROOT = iphoneos;
				SWIFT_COMPILATION_MODE = wholemodule;
				VALIDATE_PRODUCT = YES;
			};
			name = Release;
		};
		428F63762E706A5300586B58 /* Debug */ = {
			isa = XCBuildConfiguration;
			buildSettings = {
				ASSETCATALOG_COMPILER_APPICON_NAME = AppIcon;
				ASSETCATALOG_COMPILER_GLOBAL_ACCENT_COLOR_NAME = AccentColor;
				CODE_SIGN_STYLE = Automatic;
				CURRENT_PROJECT_VERSION = 1;
				DEVELOPMENT_TEAM = 5G2PCG747N;
				ENABLE_PREVIEWS = YES;
				GENERATE_INFOPLIST_FILE = YES;
				INFOPLIST_KEY_UIApplicationSceneManifest_Generation = YES;
				INFOPLIST_KEY_UIApplicationSupportsIndirectInputEvents = YES;
				INFOPLIST_KEY_UILaunchScreen_Generation = YES;
				INFOPLIST_KEY_UISupportedInterfaceOrientations_iPad = "UIInterfaceOrientationPortrait UIInterfaceOrientationPortraitUpsideDown UIInterfaceOrientationLandscapeLeft UIInterfaceOrientationLandscapeRight";
				INFOPLIST_KEY_UISupportedInterfaceOrientations_iPhone = "UIInterfaceOrientationPortrait UIInterfaceOrientationLandscapeLeft UIInterfaceOrientationLandscapeRight";
				LD_RUNPATH_SEARCH_PATHS = (
					"$(inherited)",
					"@executable_path/Frameworks",
				);
				MARKETING_VERSION = 1.0;
				PRODUCT_BUNDLE_IDENTIFIER = com.SameerN.TalkSpace;
				PRODUCT_NAME = "$(TARGET_NAME)";
				SWIFT_EMIT_LOC_STRINGS = YES;
				SWIFT_VERSION = 5.0;
				TARGETED_DEVICE_FAMILY = "1,2";
			};
			name = Debug;
		};
		428F63772E706A5300586B58 /* Release */ = {
			isa = XCBuildConfiguration;
			buildSettings = {
				ASSETCATALOG_COMPILER_APPICON_NAME = AppIcon;
				ASSETCATALOG_COMPILER_GLOBAL_ACCENT_COLOR_NAME = AccentColor;
				CODE_SIGN_STYLE = Automatic;
				CURRENT_PROJECT_VERSION = 1;
				DEVELOPMENT_TEAM = 5G2PCG747N;
				ENABLE_PREVIEWS = YES;
				GENERATE_INFOPLIST_FILE = YES;
				INFOPLIST_KEY_UIApplicationSceneManifest_Generation = YES;
				INFOPLIST_KEY_UIApplicationSupportsIndirectInputEvents = YES;
				INFOPLIST_KEY_UILaunchScreen_Generation = YES;
				INFOPLIST_KEY_UISupportedInterfaceOrientations_iPad = "UIInterfaceOrientationPortrait UIInterfaceOrientationPortraitUpsideDown UIInterfaceOrientationLandscapeLeft UIInterfaceOrientationLandscapeRight";
				INFOPLIST_KEY_UISupportedInterfaceOrientations_iPhone = "UIInterfaceOrientationPortrait UIInterfaceOrientationLandscapeLeft UIInterfaceOrientationLandscapeRight";
				LD_RUNPATH_SEARCH_PATHS = (
					"$(inherited)",
					"@executable_path/Frameworks",
				);
				MARKETING_VERSION = 1.0;
				PRODUCT_BUNDLE_IDENTIFIER = com.SameerN.TalkSpace;
				PRODUCT_NAME = "$(TARGET_NAME)";
				SWIFT_EMIT_LOC_STRINGS = YES;
				SWIFT_VERSION = 5.0;
				TARGETED_DEVICE_FAMILY = "1,2";
			};
			name = Release;
		};
		428F63792E706A5300586B58 /* Debug */ = {
			isa = XCBuildConfiguration;
			buildSettings = {
				BUNDLE_LOADER = "$(TEST_HOST)";
				CODE_SIGN_STYLE = Automatic;
				CURRENT_PROJECT_VERSION = 1;
				DEVELOPMENT_TEAM = 5G2PCG747N;
				GENERATE_INFOPLIST_FILE = YES;
				IPHONEOS_DEPLOYMENT_TARGET = 18.5;
				MARKETING_VERSION = 1.0;
				PRODUCT_BUNDLE_IDENTIFIER = com.SameerN.TalkSpaceTests;
				PRODUCT_NAME = "$(TARGET_NAME)";
				SWIFT_EMIT_LOC_STRINGS = NO;
				SWIFT_VERSION = 5.0;
				TARGETED_DEVICE_FAMILY = "1,2";
				TEST_HOST = "$(BUILT_PRODUCTS_DIR)/TalkSpace.app/$(BUNDLE_EXECUTABLE_FOLDER_PATH)/TalkSpace";
			};
			name = Debug;
		};
		428F637A2E706A5300586B58 /* Release */ = {
			isa = XCBuildConfiguration;
			buildSettings = {
				BUNDLE_LOADER = "$(TEST_HOST)";
				CODE_SIGN_STYLE = Automatic;
				CURRENT_PROJECT_VERSION = 1;
				DEVELOPMENT_TEAM = 5G2PCG747N;
				GENERATE_INFOPLIST_FILE = YES;
				IPHONEOS_DEPLOYMENT_TARGET = 18.5;
				MARKETING_VERSION = 1.0;
				PRODUCT_BUNDLE_IDENTIFIER = com.SameerN.TalkSpaceTests;
				PRODUCT_NAME = "$(TARGET_NAME)";
				SWIFT_EMIT_LOC_STRINGS = NO;
				SWIFT_VERSION = 5.0;
				TARGETED_DEVICE_FAMILY = "1,2";
				TEST_HOST = "$(BUILT_PRODUCTS_DIR)/TalkSpace.app/$(BUNDLE_EXECUTABLE_FOLDER_PATH)/TalkSpace";
			};
			name = Release;
		};
		428F637C2E706A5300586B58 /* Debug */ = {
			isa = XCBuildConfiguration;
			buildSettings = {
				CODE_SIGN_STYLE = Automatic;
				CURRENT_PROJECT_VERSION = 1;
				DEVELOPMENT_TEAM = 5G2PCG747N;
				GENERATE_INFOPLIST_FILE = YES;
				MARKETING_VERSION = 1.0;
				PRODUCT_BUNDLE_IDENTIFIER = com.SameerN.TalkSpaceUITests;
				PRODUCT_NAME = "$(TARGET_NAME)";
				SWIFT_EMIT_LOC_STRINGS = NO;
				SWIFT_VERSION = 5.0;
				TARGETED_DEVICE_FAMILY = "1,2";
				TEST_TARGET_NAME = TalkSpace;
			};
			name = Debug;
		};
		428F637D2E706A5300586B58 /* Release */ = {
			isa = XCBuildConfiguration;
			buildSettings = {
				CODE_SIGN_STYLE = Automatic;
				CURRENT_PROJECT_VERSION = 1;
				DEVELOPMENT_TEAM = 5G2PCG747N;
				GENERATE_INFOPLIST_FILE = YES;
				MARKETING_VERSION = 1.0;
				PRODUCT_BUNDLE_IDENTIFIER = com.SameerN.TalkSpaceUITests;
				PRODUCT_NAME = "$(TARGET_NAME)";
				SWIFT_EMIT_LOC_STRINGS = NO;
				SWIFT_VERSION = 5.0;
				TARGETED_DEVICE_FAMILY = "1,2";
				TEST_TARGET_NAME = TalkSpace;
			};
			name = Release;
		};
/* End XCBuildConfiguration section */

/* Begin XCConfigurationList section */
		428F634F2E706A5100586B58 /* Build configuration list for PBXProject "TalkSpace" */ = {
			isa = XCConfigurationList;
			buildConfigurations = (
				428F63732E706A5300586B58 /* Debug */,
				428F63742E706A5300586B58 /* Release */,
			);
			defaultConfigurationIsVisible = 0;
			defaultConfigurationName = Release;
		};
		428F63752E706A5300586B58 /* Build configuration list for PBXNativeTarget "TalkSpace" */ = {
			isa = XCConfigurationList;
			buildConfigurations = (
				428F63762E706A5300586B58 /* Debug */,
				428F63772E706A5300586B58 /* Release */,
			);
			defaultConfigurationIsVisible = 0;
			defaultConfigurationName = Release;
		};
		428F63782E706A5300586B58 /* Build configuration list for PBXNativeTarget "TalkSpaceTests" */ = {
			isa = XCConfigurationList;
			buildConfigurations = (
				428F63792E706A5300586B58 /* Debug */,
				428F637A2E706A5300586B58 /* Release */,
			);
			defaultConfigurationIsVisible = 0;
			defaultConfigurationName = Release;
		};
		428F637B2E706A5300586B58 /* Build configuration list for PBXNativeTarget "TalkSpaceUITests" */ = {
			isa = XCConfigurationList;
			buildConfigurations = (
				428F637C2E706A5300586B58 /* Debug */,
				428F637D2E706A5300586B58 /* Release */,
			);
			defaultConfigurationIsVisible = 0;
			defaultConfigurationName = Release;
		};
/* End XCConfigurationList section */

/* Begin XCRemoteSwiftPackageReference section */
		42030B7F2E757B1F0090E125 /* XCRemoteSwiftPackageReference "lottie-ios" */ = {
			isa = XCRemoteSwiftPackageReference;
			repositoryURL = "https://github.com/airbnb/lottie-ios.git";
			requirement = {
				kind = upToNextMajorVersion;
				minimumVersion = 4.5.2;
			};
		};
		428BEBF22E72B2D5008B9B45 /* XCRemoteSwiftPackageReference "SDWebImageSwiftUI" */ = {
			isa = XCRemoteSwiftPackageReference;
			repositoryURL = "https://github.com/SDWebImage/SDWebImageSwiftUI.git";
			requirement = {
				kind = upToNextMajorVersion;
				minimumVersion = 3.1.3;
			};
		};
		42DB1F472E7154DB00A15561 /* XCRemoteSwiftPackageReference "firebase-ios-sdk" */ = {
			isa = XCRemoteSwiftPackageReference;
			repositoryURL = "https://github.com/firebase/firebase-ios-sdk";
			requirement = {
				kind = upToNextMajorVersion;
				minimumVersion = 12.2.0;
			};
		};
		42DB1F502E71619900A15561 /* XCRemoteSwiftPackageReference "GoogleSignIn-iOS" */ = {
			isa = XCRemoteSwiftPackageReference;
			repositoryURL = "https://github.com/google/GoogleSignIn-iOS";
			requirement = {
				kind = upToNextMajorVersion;
				minimumVersion = 9.0.0;
			};
		};
/* End XCRemoteSwiftPackageReference section */

/* Begin XCSwiftPackageProductDependency section */
		42030B802E757B1F0090E125 /* Lottie */ = {
			isa = XCSwiftPackageProductDependency;
			package = 42030B7F2E757B1F0090E125 /* XCRemoteSwiftPackageReference "lottie-ios" */;
			productName = Lottie;
		};
		428BEBF32E72B2D5008B9B45 /* SDWebImageSwiftUI */ = {
			isa = XCSwiftPackageProductDependency;
			package = 428BEBF22E72B2D5008B9B45 /* XCRemoteSwiftPackageReference "SDWebImageSwiftUI" */;
			productName = SDWebImageSwiftUI;
		};
		42DB1F482E7154DB00A15561 /* FirebaseAuth */ = {
			isa = XCSwiftPackageProductDependency;
			package = 42DB1F472E7154DB00A15561 /* XCRemoteSwiftPackageReference "firebase-ios-sdk" */;
			productName = FirebaseAuth;
		};
		42DB1F4A2E7154DB00A15561 /* FirebaseFirestore */ = {
			isa = XCSwiftPackageProductDependency;
			package = 42DB1F472E7154DB00A15561 /* XCRemoteSwiftPackageReference "firebase-ios-sdk" */;
			productName = FirebaseFirestore;
		};
		42DB1F4C2E7154DB00A15561 /* FirebaseStorage */ = {
			isa = XCSwiftPackageProductDependency;
			package = 42DB1F472E7154DB00A15561 /* XCRemoteSwiftPackageReference "firebase-ios-sdk" */;
			productName = FirebaseStorage;
		};
		42DB1F512E71619900A15561 /* GoogleSignIn */ = {
			isa = XCSwiftPackageProductDependency;
			package = 42DB1F502E71619900A15561 /* XCRemoteSwiftPackageReference "GoogleSignIn-iOS" */;
			productName = GoogleSignIn;
		};
		42DB1F532E71619900A15561 /* GoogleSignInSwift */ = {
			isa = XCSwiftPackageProductDependency;
			package = 42DB1F502E71619900A15561 /* XCRemoteSwiftPackageReference "GoogleSignIn-iOS" */;
			productName = GoogleSignInSwift;
		};
/* End XCSwiftPackageProductDependency section */
	};
	rootObject = 428F634C2E706A5100586B58 /* Project object */;
}
